
Microsoft Visual Studio Solution File, Format Version 12.00
# Visual Studio Version 17
VisualStudioVersion = 17.2.32516.85
MinimumVisualStudioVersion = 10.0.40219.1
Project("{9A19103F-16F7-4668-BE54-9A1E7A4F7556}") = "BpRobotics", "BpRobotics\BpRobotics.csproj", "{252615A5-01E4-4E7D-BAA4-1552E0D41362}"
EndProject
Project("{9A19103F-16F7-4668-BE54-9A1E7A4F7556}") = "BpRobotics.Tests", "BpRobotics.Tests\BpRobotics.Tests.csproj", "{8AFFD897-2779-40E8-A966-F3BB6F034493}"
EndProject
Project("{9A19103F-16F7-4668-BE54-9A1E7A4F7556}") = "BpRobotics.Data", "BpRobotics.Data\BpRobotics.Data.csproj", "{76DB0193-861C-486E-8023-ED10EC2D0CCD}"
EndProject
Project("{9A19103F-16F7-4668-BE54-9A1E7A4F7556}") = "BpRobotics.Core", "BpRobotics.Core\BpRobotics.Core.csproj", "{2AE45BB3-0BB0-4C3B-A537-EE721D488D8B}"
EndProject
Project("{E53339B2-1760-4266-BCC7-CA923CBCF16C}") = "docker-compose", "docker-compose.dcproj", "{400EB399-2811-43B5-A709-EA27E1ECDE15}"
EndProject
Global
	GlobalSection(SolutionConfigurationPlatforms) = preSolution
		Debug|Any CPU = Debug|Any CPU
		Release|Any CPU = Release|Any CPU
	EndGlobalSection
	GlobalSection(ProjectConfigurationPlatforms) = postSolution
		{252615A5-01E4-4E7D-BAA4-1552E0D41362}.Debug|Any CPU.ActiveCfg = Debug|Any CPU
		{252615A5-01E4-4E7D-BAA4-1552E0D41362}.Debug|Any CPU.Build.0 = Debug|Any CPU
		{252615A5-01E4-4E7D-BAA4-1552E0D41362}.Release|Any CPU.ActiveCfg = Release|Any CPU
		{252615A5-01E4-4E7D-BAA4-1552E0D41362}.Release|Any CPU.Build.0 = Release|Any CPU
		{8AFFD897-2779-40E8-A966-F3BB6F034493}.Debug|Any CPU.ActiveCfg = Debug|Any CPU
		{8AFFD897-2779-40E8-A966-F3BB6F034493}.Debug|Any CPU.Build.0 = Debug|Any CPU
		{8AFFD897-2779-40E8-A966-F3BB6F034493}.Release|Any CPU.ActiveCfg = Release|Any CPU
		{8AFFD897-2779-40E8-A966-F3BB6F034493}.Release|Any CPU.Build.0 = Release|Any CPU
		{76DB0193-861C-486E-8023-ED10EC2D0CCD}.Debug|Any CPU.ActiveCfg = Debug|Any CPU
		{76DB0193-861C-486E-8023-ED10EC2D0CCD}.Debug|Any CPU.Build.0 = Debug|Any CPU
		{76DB0193-861C-486E-8023-ED10EC2D0CCD}.Release|Any CPU.ActiveCfg = Release|Any CPU
		{76DB0193-861C-486E-8023-ED10EC2D0CCD}.Release|Any CPU.Build.0 = Release|Any CPU
		{2AE45BB3-0BB0-4C3B-A537-EE721D488D8B}.Debug|Any CPU.ActiveCfg = Debug|Any CPU
		{2AE45BB3-0BB0-4C3B-A537-EE721D488D8B}.Debug|Any CPU.Build.0 = Debug|Any CPU
		{2AE45BB3-0BB0-4C3B-A537-EE721D488D8B}.Release|Any CPU.ActiveCfg = Release|Any CPU
		{2AE45BB3-0BB0-4C3B-A537-EE721D488D8B}.Release|Any CPU.Build.0 = Release|Any CPU
		{400EB399-2811-43B5-A709-EA27E1ECDE15}.Debug|Any CPU.ActiveCfg = Debug|Any CPU
		{400EB399-2811-43B5-A709-EA27E1ECDE15}.Debug|Any CPU.Build.0 = Debug|Any CPU
		{400EB399-2811-43B5-A709-EA27E1ECDE15}.Release|Any CPU.ActiveCfg = Release|Any CPU
		{400EB399-2811-43B5-A709-EA27E1ECDE15}.Release|Any CPU.Build.0 = Release|Any CPU
	EndGlobalSection
	GlobalSection(SolutionProperties) = preSolution
		HideSolutionNode = FALSE
	EndGlobalSection
	GlobalSection(ExtensibilityGlobals) = postSolution
		SolutionGuid = {4EC839CD-9DC7-435B-B1F4-97C8F377BE49}
	EndGlobalSection
EndGlobal
